
Microsoft Visual Studio Solution File, Format Version 12.00
# Visual Studio Version 17
VisualStudioVersion = 17.14.36121.58
MinimumVisualStudioVersion = 10.0.40219.1
Project("{FAE04EC0-301F-11D3-BF4B-00C04F79EFBC}") = "Pr_Agroledger", "Pr_Agroledger\Pr_Agroledger.csproj", "{13650B6F-34F1-42D3-A3A5-99523EB1F8F8}"
EndProject
Global
	GlobalSection(SolutionConfigurationPlatforms) = preSolution
		Debug|Any CPU = Debug|Any CPU
		Release|Any CPU = Release|Any CPU
	EndGlobalSection
	GlobalSection(ProjectConfigurationPlatforms) = postSolution
		{13650B6F-34F1-42D3-A3A5-99523EB1F8F8}.Debug|Any CPU.ActiveCfg = Debug|Any CPU
		{13650B6F-34F1-42D3-A3A5-99523EB1F8F8}.Debug|Any CPU.Build.0 = Debug|Any CPU
		{13650B6F-34F1-42D3-A3A5-99523EB1F8F8}.Release|Any CPU.ActiveCfg = Release|Any CPU
		{13650B6F-34F1-42D3-A3A5-99523EB1F8F8}.Release|Any CPU.Build.0 = Release|Any CPU
	EndGlobalSection
	GlobalSection(SolutionProperties) = preSolution
		HideSolutionNode = FALSE
	EndGlobalSection
	GlobalSection(ExtensibilityGlobals) = postSolution
		SolutionGuid = {B0095BA5-967E-4DF3-B5A0-9331A8927006}
	EndGlobalSection
EndGlobal
